// !$*UTF8*$!
{
	archiveVersion = 1;
	classes = {
	};
	objectVersion = 48;
	objects = {

/* Begin PBXBuildFile section */
		7B5130731FBDA4D000412A96 /* how_crap_is_ida.cpp in Sources */ = {isa = PBXBuildFile; fileRef = 7B5130721FBDA4D000412A96 /* how_crap_is_ida.cpp */; };
		7B5130761FBDA70F00412A96 /* analyser.cpp in Sources */ = {isa = PBXBuildFile; fileRef = 7B5130741FBDA70F00412A96 /* analyser.cpp */; };
		7B5130771FBDA70F00412A96 /* analyser.hpp in Headers */ = {isa = PBXBuildFile; fileRef = 7B5130751FBDA70F00412A96 /* analyser.hpp */; };
/* End PBXBuildFile section */

/* Begin PBXFileReference section */
		7B51306A1FBDA3DF00412A96 /* how_crap_is_ida64.dylib */ = {isa = PBXFileReference; explicitFileType = "compiled.mach-o.dylib"; includeInIndex = 0; path = how_crap_is_ida64.dylib; sourceTree = BUILT_PRODUCTS_DIR; };
		7B5130721FBDA4D000412A96 /* how_crap_is_ida.cpp */ = {isa = PBXFileReference; lastKnownFileType = sourcecode.cpp.cpp; path = how_crap_is_ida.cpp; sourceTree = "<group>"; };
		7B5130741FBDA70F00412A96 /* analyser.cpp */ = {isa = PBXFileReference; lastKnownFileType = sourcecode.cpp.cpp; path = analyser.cpp; sourceTree = "<group>"; };
		7B5130751FBDA70F00412A96 /* analyser.hpp */ = {isa = PBXFileReference; lastKnownFileType = sourcecode.cpp.h; path = analyser.hpp; sourceTree = "<group>"; };
		7B5130781FBDA75E00412A96 /* logging.h */ = {isa = PBXFileReference; lastKnownFileType = sourcecode.c.h; path = logging.h; sourceTree = "<group>"; };
/* End PBXFileReference section */

/* Begin PBXFrameworksBuildPhase section */
		7B5130671FBDA3DF00412A96 /* Frameworks */ = {
			isa = PBXFrameworksBuildPhase;
			buildActionMask = 2147483647;
			files = (
			);
			runOnlyForDeploymentPostprocessing = 0;
		};
/* End PBXFrameworksBuildPhase section */

/* Begin PBXGroup section */
		7B5130611FBDA3DF00412A96 = {
			isa = PBXGroup;
			children = (
				7B5130711FBDA4B700412A96 /* Source */,
				7B51306B1FBDA3DF00412A96 /* Products */,
			);
			sourceTree = "<group>";
		};
		7B51306B1FBDA3DF00412A96 /* Products */ = {
			isa = PBXGroup;
			children = (
				7B51306A1FBDA3DF00412A96 /* how_crap_is_ida64.dylib */,
			);
			name = Products;
			sourceTree = "<group>";
		};
		7B5130711FBDA4B700412A96 /* Source */ = {
			isa = PBXGroup;
			children = (
				7B5130721FBDA4D000412A96 /* how_crap_is_ida.cpp */,
				7B5130741FBDA70F00412A96 /* analyser.cpp */,
				7B5130751FBDA70F00412A96 /* analyser.hpp */,
				7B5130781FBDA75E00412A96 /* logging.h */,
			);
			path = Source;
			sourceTree = "<group>";
		};
/* End PBXGroup section */

/* Begin PBXHeadersBuildPhase section */
		7B5130681FBDA3DF00412A96 /* Headers */ = {
			isa = PBXHeadersBuildPhase;
			buildActionMask = 2147483647;
			files = (
				7B5130771FBDA70F00412A96 /* analyser.hpp in Headers */,
			);
			runOnlyForDeploymentPostprocessing = 0;
		};
/* End PBXHeadersBuildPhase section */

/* Begin PBXNativeTarget section */
		7B5130691FBDA3DF00412A96 /* how_crap_is_ida */ = {
			isa = PBXNativeTarget;
			buildConfigurationList = 7B51306E1FBDA3DF00412A96 /* Build configuration list for PBXNativeTarget "how_crap_is_ida" */;
			buildPhases = (
				7B5130661FBDA3DF00412A96 /* Sources */,
				7B5130671FBDA3DF00412A96 /* Frameworks */,
				7B5130681FBDA3DF00412A96 /* Headers */,
			);
			buildRules = (
			);
			dependencies = (
			);
			name = how_crap_is_ida;
			productName = how_crap_is_ida;
			productReference = 7B51306A1FBDA3DF00412A96 /* how_crap_is_ida64.dylib */;
			productType = "com.apple.product-type.library.dynamic";
		};
/* End PBXNativeTarget section */

/* Begin PBXProject section */
		7B5130621FBDA3DF00412A96 /* Project object */ = {
			isa = PBXProject;
			attributes = {
				LastUpgradeCheck = 0910;
				ORGANIZATIONNAME = Put.as;
				TargetAttributes = {
					7B5130691FBDA3DF00412A96 = {
						CreatedOnToolsVersion = 9.1;
						ProvisioningStyle = Manual;
					};
				};
			};
			buildConfigurationList = 7B5130651FBDA3DF00412A96 /* Build configuration list for PBXProject "how_crap_is_ida" */;
			compatibilityVersion = "Xcode 8.0";
			developmentRegion = en;
			hasScannedForEncodings = 0;
			knownRegions = (
				en,
			);
			mainGroup = 7B5130611FBDA3DF00412A96;
			productRefGroup = 7B51306B1FBDA3DF00412A96 /* Products */;
			projectDirPath = "";
			projectRoot = "";
			targets = (
				7B5130691FBDA3DF00412A96 /* how_crap_is_ida */,
			);
		};
/* End PBXProject section */

/* Begin PBXSourcesBuildPhase section */
		7B5130661FBDA3DF00412A96 /* Sources */ = {
			isa = PBXSourcesBuildPhase;
			buildActionMask = 2147483647;
			files = (
				7B5130761FBDA70F00412A96 /* analyser.cpp in Sources */,
				7B5130731FBDA4D000412A96 /* how_crap_is_ida.cpp in Sources */,
			);
			runOnlyForDeploymentPostprocessing = 0;
		};
/* End PBXSourcesBuildPhase section */

/* Begin XCBuildConfiguration section */
		7B51306C1FBDA3DF00412A96 /* Debug */ = {
			isa = XCBuildConfiguration;
			buildSettings = {
				ALWAYS_SEARCH_USER_PATHS = NO;
				CLANG_ANALYZER_NONNULL = YES;
				CLANG_ANALYZER_NUMBER_OBJECT_CONVERSION = YES_AGGRESSIVE;
				CLANG_CXX_LANGUAGE_STANDARD = "gnu++14";
				CLANG_CXX_LIBRARY = "libc++";
				CLANG_ENABLE_MODULES = YES;
				CLANG_ENABLE_OBJC_ARC = YES;
				CLANG_WARN_BLOCK_CAPTURE_AUTORELEASING = YES;
				CLANG_WARN_BOOL_CONVERSION = YES;
				CLANG_WARN_COMMA = YES;
				CLANG_WARN_CONSTANT_CONVERSION = YES;
				CLANG_WARN_DIRECT_OBJC_ISA_USAGE = YES_ERROR;
				CLANG_WARN_DOCUMENTATION_COMMENTS = YES;
				CLANG_WARN_EMPTY_BODY = YES;
				CLANG_WARN_ENUM_CONVERSION = YES;
				CLANG_WARN_INFINITE_RECURSION = YES;
				CLANG_WARN_INT_CONVERSION = YES;
				CLANG_WARN_NON_LITERAL_NULL_CONVERSION = YES;
				CLANG_WARN_OBJC_LITERAL_CONVERSION = YES;
				CLANG_WARN_OBJC_ROOT_CLASS = YES_ERROR;
				CLANG_WARN_RANGE_LOOP_ANALYSIS = YES;
				CLANG_WARN_STRICT_PROTOTYPES = YES;
				CLANG_WARN_SUSPICIOUS_MOVE = YES;
				CLANG_WARN_UNGUARDED_AVAILABILITY = YES_AGGRESSIVE;
				CLANG_WARN_UNREACHABLE_CODE = YES;
				CLANG_WARN__DUPLICATE_METHOD_MATCH = YES;
				CODE_SIGN_IDENTITY = "-";
				COPY_PHASE_STRIP = NO;
				DEBUG_INFORMATION_FORMAT = dwarf;
				ENABLE_STRICT_OBJC_MSGSEND = YES;
				ENABLE_TESTABILITY = YES;
				GCC_C_LANGUAGE_STANDARD = gnu11;
				GCC_DYNAMIC_NO_PIC = NO;
				GCC_NO_COMMON_BLOCKS = YES;
				GCC_OPTIMIZATION_LEVEL = 0;
				GCC_PREPROCESSOR_DEFINITIONS = (
					"DEBUG=1",
					"$(inherited)",
				);
				GCC_WARN_64_TO_32_BIT_CONVERSION = YES;
				GCC_WARN_ABOUT_RETURN_TYPE = YES_ERROR;
				GCC_WARN_UNDECLARED_SELECTOR = YES;
				GCC_WARN_UNINITIALIZED_AUTOS = YES_AGGRESSIVE;
				GCC_WARN_UNUSED_FUNCTION = YES;
				GCC_WARN_UNUSED_VARIABLE = YES;
				MACOSX_DEPLOYMENT_TARGET = 10.12;
				MTL_ENABLE_DEBUG_INFO = YES;
				ONLY_ACTIVE_ARCH = YES;
				SDKROOT = macosx;
			};
			name = Debug;
		};
		7B51306D1FBDA3DF00412A96 /* Release */ = {
			isa = XCBuildConfiguration;
			buildSettings = {
				ALWAYS_SEARCH_USER_PATHS = NO;
				CLANG_ANALYZER_NONNULL = YES;
				CLANG_ANALYZER_NUMBER_OBJECT_CONVERSION = YES_AGGRESSIVE;
				CLANG_CXX_LANGUAGE_STANDARD = "gnu++14";
				CLANG_CXX_LIBRARY = "libc++";
				CLANG_ENABLE_MODULES = YES;
				CLANG_ENABLE_OBJC_ARC = YES;
				CLANG_WARN_BLOCK_CAPTURE_AUTORELEASING = YES;
				CLANG_WARN_BOOL_CONVERSION = YES;
				CLANG_WARN_COMMA = YES;
				CLANG_WARN_CONSTANT_CONVERSION = YES;
				CLANG_WARN_DIRECT_OBJC_ISA_USAGE = YES_ERROR;
				CLANG_WARN_DOCUMENTATION_COMMENTS = YES;
				CLANG_WARN_EMPTY_BODY = YES;
				CLANG_WARN_ENUM_CONVERSION = YES;
				CLANG_WARN_INFINITE_RECURSION = YES;
				CLANG_WARN_INT_CONVERSION = YES;
				CLANG_WARN_NON_LITERAL_NULL_CONVERSION = YES;
				CLANG_WARN_OBJC_LITERAL_CONVERSION = YES;
				CLANG_WARN_OBJC_ROOT_CLASS = YES_ERROR;
				CLANG_WARN_RANGE_LOOP_ANALYSIS = YES;
				CLANG_WARN_STRICT_PROTOTYPES = YES;
				CLANG_WARN_SUSPICIOUS_MOVE = YES;
				CLANG_WARN_UNGUARDED_AVAILABILITY = YES_AGGRESSIVE;
				CLANG_WARN_UNREACHABLE_CODE = YES;
				CLANG_WARN__DUPLICATE_METHOD_MATCH = YES;
				CODE_SIGN_IDENTITY = "-";
				COPY_PHASE_STRIP = NO;
				DEBUG_INFORMATION_FORMAT = "dwarf-with-dsym";
				ENABLE_NS_ASSERTIONS = NO;
				ENABLE_STRICT_OBJC_MSGSEND = YES;
				GCC_C_LANGUAGE_STANDARD = gnu11;
				GCC_NO_COMMON_BLOCKS = YES;
				GCC_WARN_64_TO_32_BIT_CONVERSION = YES;
				GCC_WARN_ABOUT_RETURN_TYPE = YES_ERROR;
				GCC_WARN_UNDECLARED_SELECTOR = YES;
				GCC_WARN_UNINITIALIZED_AUTOS = YES_AGGRESSIVE;
				GCC_WARN_UNUSED_FUNCTION = YES;
				GCC_WARN_UNUSED_VARIABLE = YES;
				MACOSX_DEPLOYMENT_TARGET = 10.12;
				MTL_ENABLE_DEBUG_INFO = NO;
				SDKROOT = macosx;
			};
			name = Release;
		};
		7B51306F1FBDA3DF00412A96 /* Debug */ = {
			isa = XCBuildConfiguration;
			buildSettings = {
				ALWAYS_SEARCH_USER_PATHS = YES;
				CLANG_WARN_DOCUMENTATION_COMMENTS = NO;
				CODE_SIGN_STYLE = Manual;
				DEVELOPMENT_TEAM = "";
				DYLIB_COMPATIBILITY_VERSION = 1;
				DYLIB_CURRENT_VERSION = 1;
				EXECUTABLE_PREFIX = "";
				GCC_PREPROCESSOR_DEFINITIONS = (
					"__X64__=1",
					"__EA64__=1",
					"__MAC__=1",
					"DEBUG=1",
				);
				HEADER_SEARCH_PATHS = (
					"/Applications/IDA\\ Pro\\ 7.0/idasdk70/include",
					/usr/local/include,
				);
				LIBRARY_SEARCH_PATHS = (
					"/Applications/IDA\\ Pro\\ 7.0/ida.app/Contents/MacOS/",
					/usr/local/lib,
					"$(PROJECT_DIR)",
				);
				OTHER_LDFLAGS = "-lida64";
				PRODUCT_NAME = "$(TARGET_NAME)64";
				PROVISIONING_PROFILE_SPECIFIER = "";
			};
			name = Debug;
		};
		7B5130701FBDA3DF00412A96 /* Release */ = {
			isa = XCBuildConfiguration;
			buildSettings = {
				ALWAYS_SEARCH_USER_PATHS = YES;
				CLANG_WARN_DOCUMENTATION_COMMENTS = NO;
				CODE_SIGN_STYLE = Manual;
				DEVELOPMENT_TEAM = "";
				DYLIB_COMPATIBILITY_VERSION = 1;
				DYLIB_CURRENT_VERSION = 1;
				EXECUTABLE_PREFIX = "";
				GCC_PREPROCESSOR_DEFINITIONS = (
					"__X64__=1",
					"__EA64__=1",
					"__MAC__=1",
				);
				HEADER_SEARCH_PATHS = (
					"/Applications/IDA\\ Pro\\ 7.0/idasdk70/include",
					/usr/local/include,
				);
				LIBRARY_SEARCH_PATHS = (
					"/Applications/IDA\\ Pro\\ 7.0/ida.app/Contents/MacOS/",
					/usr/local/lib,
					"$(PROJECT_DIR)",
				);
				OTHER_LDFLAGS = "-lida64";
				PRODUCT_NAME = "$(TARGET_NAME)64";
				PROVISIONING_PROFILE_SPECIFIER = "";
			};
			name = Release;
		};
/* End XCBuildConfiguration section */

/* Begin XCConfigurationList section */
		7B5130651FBDA3DF00412A96 /* Build configuration list for PBXProject "how_crap_is_ida" */ = {
			isa = XCConfigurationList;
			buildConfigurations = (
				7B51306C1FBDA3DF00412A96 /* Debug */,
				7B51306D1FBDA3DF00412A96 /* Release */,
			);
			defaultConfigurationIsVisible = 0;
			defaultConfigurationName = Release;
		};
		7B51306E1FBDA3DF00412A96 /* Build configuration list for PBXNativeTarget "how_crap_is_ida" */ = {
			isa = XCConfigurationList;
			buildConfigurations = (
				7B51306F1FBDA3DF00412A96 /* Debug */,
				7B5130701FBDA3DF00412A96 /* Release */,
			);
			defaultConfigurationIsVisible = 0;
			defaultConfigurationName = Release;
		};
/* End XCConfigurationList section */
	};
	rootObject = 7B5130621FBDA3DF00412A96 /* Project object */;
}
